{
  "name": "lunar-payments",
  "version": "0.1.0",
  "lockfileVersion": 2,
  "requires": true,
  "packages": {
    "": {
      "name": "lunar-payments",
      "version": "0.1.0",
      "license": "Apache-2.0",
      "dependencies": {
        "bson-objectid": "^2.0.3",
        "tslib": "^2.4.0",
        "undici": "^5.10.0"
      },
      "devDependencies": {
        "@types/node": "^18.7.23",
        "typescript": "^4.8.4"
      }
    },
    "node_modules/@types/node": {
      "version": "18.7.23",
      "dev": true,
      "license": "MIT"
    },
    "node_modules/bson-objectid": {
      "version": "2.0.3",
      "license": "Apache-2.0"
    },
    "node_modules/tslib": {
      "version": "2.4.0",
      "license": "0BSD"
    },
    "node_modules/typescript": {
      "version": "4.8.4",
      "dev": true,
      "license": "Apache-2.0",
      "bin": {
        "tsc": "bin/tsc",
        "tsserver": "bin/tsserver"
      },
      "engines": {
        "node": ">=4.2.0"
      }
    },
    "node_modules/undici": {
      "version": "5.10.0",
      "license": "MIT",
      "engines": {
        "node": ">=12.18"
      }
    }
  },
  "dependencies": {
    "@types/node": {
      "version": "18.7.23",
      "dev": true
    },
    "bson-objectid": {
      "version": "2.0.3"
    },
    "tslib": {
      "version": "2.4.0"
    },
    "typescript": {
      "version": "4.8.4",
      "dev": true
    },
    "undici": {
      "version": "5.10.0"
    }
  }
}
